
Microsoft Visual Studio Solution File, Format Version 12.00
# Visual Studio Version 17
VisualStudioVersion = 17.12.35527.113 d17.12
MinimumVisualStudioVersion = 10.0.40219.1
Project("{FAE04EC0-301F-11D3-BF4B-00C04F79EFBC}") = "ReactApp1.Server", "ReactApp1.Server\ReactApp1.Server.csproj", "{B7D4021C-B03C-489B-99BC-F1B35D841A1B}"
EndProject
Project("{54A90642-561A-4BB1-A94E-469ADEE60C69}") = "reactapp1.client", "reactapp1.client\reactapp1.client.esproj", "{A4C04852-925F-464B-9645-E46081D584EF}"
EndProject
Global
	GlobalSection(SolutionConfigurationPlatforms) = preSolution
		Debug|Any CPU = Debug|Any CPU
		Release|Any CPU = Release|Any CPU
	EndGlobalSection
	GlobalSection(ProjectConfigurationPlatforms) = postSolution
		{B7D4021C-B03C-489B-99BC-F1B35D841A1B}.Debug|Any CPU.ActiveCfg = Debug|Any CPU
		{B7D4021C-B03C-489B-99BC-F1B35D841A1B}.Debug|Any CPU.Build.0 = Debug|Any CPU
		{B7D4021C-B03C-489B-99BC-F1B35D841A1B}.Release|Any CPU.ActiveCfg = Release|Any CPU
		{B7D4021C-B03C-489B-99BC-F1B35D841A1B}.Release|Any CPU.Build.0 = Release|Any CPU
		{A4C04852-925F-464B-9645-E46081D584EF}.Debug|Any CPU.ActiveCfg = Debug|Any CPU
		{A4C04852-925F-464B-9645-E46081D584EF}.Debug|Any CPU.Build.0 = Debug|Any CPU
		{A4C04852-925F-464B-9645-E46081D584EF}.Debug|Any CPU.Deploy.0 = Debug|Any CPU
		{A4C04852-925F-464B-9645-E46081D584EF}.Release|Any CPU.ActiveCfg = Release|Any CPU
		{A4C04852-925F-464B-9645-E46081D584EF}.Release|Any CPU.Build.0 = Release|Any CPU
		{A4C04852-925F-464B-9645-E46081D584EF}.Release|Any CPU.Deploy.0 = Release|Any CPU
	EndGlobalSection
	GlobalSection(SolutionProperties) = preSolution
		HideSolutionNode = FALSE
	EndGlobalSection
EndGlobal
